
Microsoft Visual Studio Solution File, Format Version 12.00
# Visual Studio Version 17
VisualStudioVersion = 17.3.32922.545
MinimumVisualStudioVersion = 10.0.40219.1
Project("{FAE04EC0-301F-11D3-BF4B-00C04F79EFBC}") = "LinkedListBatch", "LinkedListBatch\LinkedListBatch.csproj", "{D3149181-59A7-4030-AC86-4BF816B0A6FB}"
EndProject
Global
	GlobalSection(SolutionConfigurationPlatforms) = preSolution
		Debug|Any CPU = Debug|Any CPU
		Release|Any CPU = Release|Any CPU
	EndGlobalSection
	GlobalSection(ProjectConfigurationPlatforms) = postSolution
		{D3149181-59A7-4030-AC86-4BF816B0A6FB}.Debug|Any CPU.ActiveCfg = Debug|Any CPU
		{D3149181-59A7-4030-AC86-4BF816B0A6FB}.Debug|Any CPU.Build.0 = Debug|Any CPU
		{D3149181-59A7-4030-AC86-4BF816B0A6FB}.Release|Any CPU.ActiveCfg = Release|Any CPU
		{D3149181-59A7-4030-AC86-4BF816B0A6FB}.Release|Any CPU.Build.0 = Release|Any CPU
	EndGlobalSection
	GlobalSection(SolutionProperties) = preSolution
		HideSolutionNode = FALSE
	EndGlobalSection
	GlobalSection(ExtensibilityGlobals) = postSolution
		SolutionGuid = {286C9C24-6B84-4DF6-846F-C1CCEC327D8B}
	EndGlobalSection
EndGlobal
